
Microsoft Visual Studio Solution File, Format Version 12.00
# Visual Studio 15
VisualStudioVersion = 15.0.26228.12
MinimumVisualStudioVersion = 10.0.40219.1
Project("{FAE04EC0-301F-11D3-BF4B-00C04F79EFBC}") = "Courses.20483.Core", "Courses.20483.Core\Courses.20483.Core.csproj", "{BEB3F93C-E072-4919-AFB7-82FE0A3950E9}"
EndProject
Project("{FAE04EC0-301F-11D3-BF4B-00C04F79EFBC}") = "Courses.20483.UI", "Courses.20483.UI\Courses.20483.UI.csproj", "{132382D4-5B20-472D-B700-CCD0461B51AB}"
EndProject
Project("{FAE04EC0-301F-11D3-BF4B-00C04F79EFBC}") = "Courses.20483.Services", "Courses.20483.Services\Courses.20483.Services.csproj", "{E6696C6A-8BF2-45E9-A29F-FBD6BF76E20A}"
EndProject
Project("{FAE04EC0-301F-11D3-BF4B-00C04F79EFBC}") = "Courses.20483.Data", "Courses.20483.Data\Courses.20483.Data.csproj", "{1398A338-6869-4DB2-AC79-F30B733F636A}"
EndProject
Project("{FAE04EC0-301F-11D3-BF4B-00C04F79EFBC}") = "Courses.20483.Application", "Course.20483.Application\Courses.20483.Application.csproj", "{42D9FB82-2F20-44F0-BE82-007168BE2096}"
EndProject
Global
	GlobalSection(SolutionConfigurationPlatforms) = preSolution
		Debug|Any CPU = Debug|Any CPU
		Release|Any CPU = Release|Any CPU
	EndGlobalSection
	GlobalSection(ProjectConfigurationPlatforms) = postSolution
		{BEB3F93C-E072-4919-AFB7-82FE0A3950E9}.Debug|Any CPU.ActiveCfg = Debug|Any CPU
		{BEB3F93C-E072-4919-AFB7-82FE0A3950E9}.Debug|Any CPU.Build.0 = Debug|Any CPU
		{BEB3F93C-E072-4919-AFB7-82FE0A3950E9}.Release|Any CPU.ActiveCfg = Release|Any CPU
		{BEB3F93C-E072-4919-AFB7-82FE0A3950E9}.Release|Any CPU.Build.0 = Release|Any CPU
		{132382D4-5B20-472D-B700-CCD0461B51AB}.Debug|Any CPU.ActiveCfg = Debug|Any CPU
		{132382D4-5B20-472D-B700-CCD0461B51AB}.Debug|Any CPU.Build.0 = Debug|Any CPU
		{132382D4-5B20-472D-B700-CCD0461B51AB}.Release|Any CPU.ActiveCfg = Release|Any CPU
		{132382D4-5B20-472D-B700-CCD0461B51AB}.Release|Any CPU.Build.0 = Release|Any CPU
		{E6696C6A-8BF2-45E9-A29F-FBD6BF76E20A}.Debug|Any CPU.ActiveCfg = Debug|Any CPU
		{E6696C6A-8BF2-45E9-A29F-FBD6BF76E20A}.Debug|Any CPU.Build.0 = Debug|Any CPU
		{E6696C6A-8BF2-45E9-A29F-FBD6BF76E20A}.Release|Any CPU.ActiveCfg = Release|Any CPU
		{E6696C6A-8BF2-45E9-A29F-FBD6BF76E20A}.Release|Any CPU.Build.0 = Release|Any CPU
		{1398A338-6869-4DB2-AC79-F30B733F636A}.Debug|Any CPU.ActiveCfg = Debug|Any CPU
		{1398A338-6869-4DB2-AC79-F30B733F636A}.Debug|Any CPU.Build.0 = Debug|Any CPU
		{1398A338-6869-4DB2-AC79-F30B733F636A}.Release|Any CPU.ActiveCfg = Release|Any CPU
		{1398A338-6869-4DB2-AC79-F30B733F636A}.Release|Any CPU.Build.0 = Release|Any CPU
		{42D9FB82-2F20-44F0-BE82-007168BE2096}.Debug|Any CPU.ActiveCfg = Debug|Any CPU
		{42D9FB82-2F20-44F0-BE82-007168BE2096}.Debug|Any CPU.Build.0 = Debug|Any CPU
		{42D9FB82-2F20-44F0-BE82-007168BE2096}.Release|Any CPU.ActiveCfg = Release|Any CPU
		{42D9FB82-2F20-44F0-BE82-007168BE2096}.Release|Any CPU.Build.0 = Release|Any CPU
	EndGlobalSection
	GlobalSection(SolutionProperties) = preSolution
		HideSolutionNode = FALSE
	EndGlobalSection
EndGlobal
